
Microsoft Visual Studio Solution File, Format Version 12.00
# Visual Studio Version 17
VisualStudioVersion = 17.11.35222.181
MinimumVisualStudioVersion = 10.0.40219.1
Project("{FAE04EC0-301F-11D3-BF4B-00C04F79EFBC}") = "ScholarHat Project_2 GIt", "ScholarHat Project_2 GIt\ScholarHat Project_2 GIt.csproj", "{67260C0E-19D3-4EFC-9801-69D2032C83F4}"
EndProject
Global
	GlobalSection(SolutionConfigurationPlatforms) = preSolution
		Debug|Any CPU = Debug|Any CPU
		Release|Any CPU = Release|Any CPU
	EndGlobalSection
	GlobalSection(ProjectConfigurationPlatforms) = postSolution
		{67260C0E-19D3-4EFC-9801-69D2032C83F4}.Debug|Any CPU.ActiveCfg = Debug|Any CPU
		{67260C0E-19D3-4EFC-9801-69D2032C83F4}.Debug|Any CPU.Build.0 = Debug|Any CPU
		{67260C0E-19D3-4EFC-9801-69D2032C83F4}.Release|Any CPU.ActiveCfg = Release|Any CPU
		{67260C0E-19D3-4EFC-9801-69D2032C83F4}.Release|Any CPU.Build.0 = Release|Any CPU
	EndGlobalSection
	GlobalSection(SolutionProperties) = preSolution
		HideSolutionNode = FALSE
	EndGlobalSection
	GlobalSection(ExtensibilityGlobals) = postSolution
		SolutionGuid = {154C9404-F4AE-4E58-ADF3-0A01E5AEC564}
	EndGlobalSection
EndGlobal
